
Microsoft Visual Studio Solution File, Format Version 12.00
# Visual Studio Version 16
VisualStudioVersion = 25.0.1705.2
MinimumVisualStudioVersion = 10.0.40219.1
Project("{FAE04EC0-301F-11D3-BF4B-00C04F79EFBC}") = "MagicVilla_VillaAPI", "MagicVilla_VillaAPI\MagicVilla_VillaAPI.csproj", "{5E11E226-A5C6-4C92-A763-AB26E73B1317}"
EndProject
Global
	GlobalSection(SolutionConfigurationPlatforms) = preSolution
		Debug|Any CPU = Debug|Any CPU
		Release|Any CPU = Release|Any CPU
	EndGlobalSection
	GlobalSection(ProjectConfigurationPlatforms) = postSolution
		{5E11E226-A5C6-4C92-A763-AB26E73B1317}.Debug|Any CPU.ActiveCfg = Debug|Any CPU
		{5E11E226-A5C6-4C92-A763-AB26E73B1317}.Debug|Any CPU.Build.0 = Debug|Any CPU
		{5E11E226-A5C6-4C92-A763-AB26E73B1317}.Release|Any CPU.ActiveCfg = Release|Any CPU
		{5E11E226-A5C6-4C92-A763-AB26E73B1317}.Release|Any CPU.Build.0 = Release|Any CPU
	EndGlobalSection
	GlobalSection(SolutionProperties) = preSolution
		HideSolutionNode = FALSE
	EndGlobalSection
	GlobalSection(ExtensibilityGlobals) = postSolution
		SolutionGuid = {9034D641-E1FE-4C58-83E7-65B56E10D65C}
	EndGlobalSection
EndGlobal
